
Microsoft Visual Studio Solution File, Format Version 12.00
Project("{FAE04EC0-301F-11D3-BF4B-00C04F79EFBC}") = "PhoneBook.AppConsole", "PhoneBook.AppConsole\PhoneBook.AppConsole.csproj", "{8E27BD61-1E1A-4A65-B9FB-8F270C09A02D}"
EndProject
Global
	GlobalSection(SolutionConfigurationPlatforms) = preSolution
		Debug|Any CPU = Debug|Any CPU
		Release|Any CPU = Release|Any CPU
	EndGlobalSection
	GlobalSection(ProjectConfigurationPlatforms) = postSolution
		{8E27BD61-1E1A-4A65-B9FB-8F270C09A02D}.Debug|Any CPU.ActiveCfg = Debug|Any CPU
		{8E27BD61-1E1A-4A65-B9FB-8F270C09A02D}.Debug|Any CPU.Build.0 = Debug|Any CPU
		{8E27BD61-1E1A-4A65-B9FB-8F270C09A02D}.Release|Any CPU.ActiveCfg = Release|Any CPU
		{8E27BD61-1E1A-4A65-B9FB-8F270C09A02D}.Release|Any CPU.Build.0 = Release|Any CPU
	EndGlobalSection
EndGlobal
